
Microsoft Visual Studio Solution File, Format Version 12.00
# Visual Studio Version 17
VisualStudioVersion = 17.8.34316.72
MinimumVisualStudioVersion = 10.0.40219.1
Project("{9A19103F-16F7-4668-BE54-9A1E7A4F7556}") = "AdventOfCode23.main", "AdventOfCode23\AdventOfCode23.main.csproj", "{B5663362-255D-4552-A0A2-434EFA35EB32}"
EndProject
Project("{9A19103F-16F7-4668-BE54-9A1E7A4F7556}") = "AdventOfCode23.Day1", "AdventOfCode23.Day1\AdventOfCode23.Day1.csproj", "{C5C20BD4-0C6A-420D-B769-4CE29FE839F2}"
EndProject
Project("{9A19103F-16F7-4668-BE54-9A1E7A4F7556}") = "AdventOfCode23.Day2", "AdventOfCode23.Day2\AdventOfCode23.Day2.csproj", "{618FF4AD-BBEA-48A3-AFB1-9FF3FFE8F1BE}"
EndProject
Project("{9A19103F-16F7-4668-BE54-9A1E7A4F7556}") = "AdventOfCode23.Day3", "AdventOfCode23.Day3\AdventOfCode23.Day3.csproj", "{49066B77-7F51-4B8B-A5D0-545AADE918E4}"
EndProject
Project("{9A19103F-16F7-4668-BE54-9A1E7A4F7556}") = "AdventOfCode23.Day4", "AdventOfCode23.Day4\AdventOfCode23.Day4.csproj", "{9C0C01E2-7FCA-40E7-830C-459F7724FA74}"
EndProject
Project("{9A19103F-16F7-4668-BE54-9A1E7A4F7556}") = "AdventOfCode23.Day5", "AdventOfCode23.Day5\AdventOfCode23.Day5.csproj", "{877D28C6-8D05-4E64-973F-CE1AAD0B86FA}"
EndProject
Project("{9A19103F-16F7-4668-BE54-9A1E7A4F7556}") = "AdventOfCode23.Day6", "AdventOfCode23.Day6\AdventOfCode23.Day6.csproj", "{AF717538-F4DA-44B1-8FBC-15B086EF16A9}"
EndProject
Project("{9A19103F-16F7-4668-BE54-9A1E7A4F7556}") = "AdventOfCode23.Day7", "AdventOfCode23.Day7\AdventOfCode23.Day7.csproj", "{25EC67D4-E80D-4DDD-994F-A6382BD8E490}"
EndProject
Project("{9A19103F-16F7-4668-BE54-9A1E7A4F7556}") = "AdventOfCode23.Day8", "AdventOfCode23.Day8\AdventOfCode23.Day8.csproj", "{4AC5C4E5-311D-4A9A-AD53-DD95B9BB058B}"
EndProject
Project("{9A19103F-16F7-4668-BE54-9A1E7A4F7556}") = "AdventOfCode23.Day9", "AdventOfCode23.Day9\AdventOfCode23.Day9.csproj", "{F8DE8CB5-7E5B-4695-912F-5137002FF833}"
EndProject
Project("{9A19103F-16F7-4668-BE54-9A1E7A4F7556}") = "AdventOfCode23.Day10", "AdventOfCode23.Day10\AdventOfCode23.Day10.csproj", "{278DA14E-8976-4CF5-AA82-E4735DDF7790}"
EndProject
Project("{9A19103F-16F7-4668-BE54-9A1E7A4F7556}") = "AdventOfCode23.Day11", "AdventOfCode23.Day11\AdventOfCode23.Day11.csproj", "{86F203F1-BB98-45B5-B732-930258FEF7E9}"
EndProject
Project("{9A19103F-16F7-4668-BE54-9A1E7A4F7556}") = "AdventOfCode23.Day12", "AdventOfCode23.Day12\AdventOfCode23.Day12.csproj", "{428BEE41-D788-48BA-892F-EDA6DE272239}"
EndProject
Project("{9A19103F-16F7-4668-BE54-9A1E7A4F7556}") = "AdventOfCode23.Day13", "AdventOfCode23.Day13\AdventOfCode23.Day13.csproj", "{B9298F0C-6735-41A9-AEAF-A86941B78D72}"
EndProject
Project("{9A19103F-16F7-4668-BE54-9A1E7A4F7556}") = "AdventOfCode23.Day14", "AdventOfCode23.Day14\AdventOfCode23.Day14.csproj", "{945F8A19-9CBC-42E2-AE10-279AE437A708}"
EndProject
Project("{9A19103F-16F7-4668-BE54-9A1E7A4F7556}") = "AdventOfCode23.Day15", "AdventOfCode23.Day15\AdventOfCode23.Day15.csproj", "{730446EA-8DC7-49C6-914E-C785C699623E}"
EndProject
Project("{9A19103F-16F7-4668-BE54-9A1E7A4F7556}") = "AdventOfCode23.Day16", "AdventOfCode23.Day16\AdventOfCode23.Day16.csproj", "{67EF5314-FC48-464D-A62B-1EB15673A995}"
EndProject
Project("{9A19103F-16F7-4668-BE54-9A1E7A4F7556}") = "AdventOfCode23.Day17", "AdventOfCode23.Day17\AdventOfCode23.Day17.csproj", "{53D124BF-7444-47D1-ADE5-0F50BDC56F7C}"
EndProject
Project("{9A19103F-16F7-4668-BE54-9A1E7A4F7556}") = "AdventOfCode23.Day18", "AdventOfCode23.Day18\AdventOfCode23.Day18.csproj", "{735A26EC-FDE2-450E-9E37-32528EF6D80B}"
EndProject
Project("{9A19103F-16F7-4668-BE54-9A1E7A4F7556}") = "AdventOfCode23.Day19", "AdventOfcode23.Day19\AdventOfCode23.Day19.csproj", "{9D61D9C4-3B2C-453E-9385-2BF3F90D6DD5}"
EndProject
Project("{9A19103F-16F7-4668-BE54-9A1E7A4F7556}") = "AdventOfCode23.Day20", "AdventOfCode23.Day20\AdventOfCode23.Day20.csproj", "{09460B21-4FA6-4E1B-BB9E-CFFB038285E0}"
EndProject
Project("{9A19103F-16F7-4668-BE54-9A1E7A4F7556}") = "AdventOfCode23.Day21", "AdventOfCode23.Day21\AdventOfCode23.Day21.csproj", "{9A683D99-A1DB-4721-88D5-91E7B36067C4}"
EndProject
Project("{9A19103F-16F7-4668-BE54-9A1E7A4F7556}") = "AdventOfCode23.Day22", "AdventOfCode23.Day22\AdventOfCode23.Day22.csproj", "{5481FF58-3E8C-4742-9ABD-4C62367F58FD}"
EndProject
Project("{FAE04EC0-301F-11D3-BF4B-00C04F79EFBC}") = "AdventOfCode23.Day23", "AdventOfCode23.Day23\AdventOfCode23.Day23.csproj", "{806916FF-9A37-4393-AC82-7C64D326D045}"
EndProject
Global
	GlobalSection(SolutionConfigurationPlatforms) = preSolution
		Debug|Any CPU = Debug|Any CPU
		Release|Any CPU = Release|Any CPU
	EndGlobalSection
	GlobalSection(ProjectConfigurationPlatforms) = postSolution
		{B5663362-255D-4552-A0A2-434EFA35EB32}.Debug|Any CPU.ActiveCfg = Debug|Any CPU
		{B5663362-255D-4552-A0A2-434EFA35EB32}.Debug|Any CPU.Build.0 = Debug|Any CPU
		{B5663362-255D-4552-A0A2-434EFA35EB32}.Release|Any CPU.ActiveCfg = Release|Any CPU
		{B5663362-255D-4552-A0A2-434EFA35EB32}.Release|Any CPU.Build.0 = Release|Any CPU
		{C5C20BD4-0C6A-420D-B769-4CE29FE839F2}.Debug|Any CPU.ActiveCfg = Debug|Any CPU
		{C5C20BD4-0C6A-420D-B769-4CE29FE839F2}.Debug|Any CPU.Build.0 = Debug|Any CPU
		{C5C20BD4-0C6A-420D-B769-4CE29FE839F2}.Release|Any CPU.ActiveCfg = Release|Any CPU
		{C5C20BD4-0C6A-420D-B769-4CE29FE839F2}.Release|Any CPU.Build.0 = Release|Any CPU
		{618FF4AD-BBEA-48A3-AFB1-9FF3FFE8F1BE}.Debug|Any CPU.ActiveCfg = Debug|Any CPU
		{618FF4AD-BBEA-48A3-AFB1-9FF3FFE8F1BE}.Debug|Any CPU.Build.0 = Debug|Any CPU
		{618FF4AD-BBEA-48A3-AFB1-9FF3FFE8F1BE}.Release|Any CPU.ActiveCfg = Release|Any CPU
		{618FF4AD-BBEA-48A3-AFB1-9FF3FFE8F1BE}.Release|Any CPU.Build.0 = Release|Any CPU
		{49066B77-7F51-4B8B-A5D0-545AADE918E4}.Debug|Any CPU.ActiveCfg = Debug|Any CPU
		{49066B77-7F51-4B8B-A5D0-545AADE918E4}.Debug|Any CPU.Build.0 = Debug|Any CPU
		{49066B77-7F51-4B8B-A5D0-545AADE918E4}.Release|Any CPU.ActiveCfg = Release|Any CPU
		{49066B77-7F51-4B8B-A5D0-545AADE918E4}.Release|Any CPU.Build.0 = Release|Any CPU
		{9C0C01E2-7FCA-40E7-830C-459F7724FA74}.Debug|Any CPU.ActiveCfg = Debug|Any CPU
		{9C0C01E2-7FCA-40E7-830C-459F7724FA74}.Debug|Any CPU.Build.0 = Debug|Any CPU
		{9C0C01E2-7FCA-40E7-830C-459F7724FA74}.Release|Any CPU.ActiveCfg = Release|Any CPU
		{9C0C01E2-7FCA-40E7-830C-459F7724FA74}.Release|Any CPU.Build.0 = Release|Any CPU
		{877D28C6-8D05-4E64-973F-CE1AAD0B86FA}.Debug|Any CPU.ActiveCfg = Debug|Any CPU
		{877D28C6-8D05-4E64-973F-CE1AAD0B86FA}.Debug|Any CPU.Build.0 = Debug|Any CPU
		{877D28C6-8D05-4E64-973F-CE1AAD0B86FA}.Release|Any CPU.ActiveCfg = Release|Any CPU
		{877D28C6-8D05-4E64-973F-CE1AAD0B86FA}.Release|Any CPU.Build.0 = Release|Any CPU
		{AF717538-F4DA-44B1-8FBC-15B086EF16A9}.Debug|Any CPU.ActiveCfg = Debug|Any CPU
		{AF717538-F4DA-44B1-8FBC-15B086EF16A9}.Debug|Any CPU.Build.0 = Debug|Any CPU
		{AF717538-F4DA-44B1-8FBC-15B086EF16A9}.Release|Any CPU.ActiveCfg = Release|Any CPU
		{AF717538-F4DA-44B1-8FBC-15B086EF16A9}.Release|Any CPU.Build.0 = Release|Any CPU
		{25EC67D4-E80D-4DDD-994F-A6382BD8E490}.Debug|Any CPU.ActiveCfg = Debug|Any CPU
		{25EC67D4-E80D-4DDD-994F-A6382BD8E490}.Debug|Any CPU.Build.0 = Debug|Any CPU
		{25EC67D4-E80D-4DDD-994F-A6382BD8E490}.Release|Any CPU.ActiveCfg = Release|Any CPU
		{25EC67D4-E80D-4DDD-994F-A6382BD8E490}.Release|Any CPU.Build.0 = Release|Any CPU
		{4AC5C4E5-311D-4A9A-AD53-DD95B9BB058B}.Debug|Any CPU.ActiveCfg = Debug|Any CPU
		{4AC5C4E5-311D-4A9A-AD53-DD95B9BB058B}.Debug|Any CPU.Build.0 = Debug|Any CPU
		{4AC5C4E5-311D-4A9A-AD53-DD95B9BB058B}.Release|Any CPU.ActiveCfg = Release|Any CPU
		{4AC5C4E5-311D-4A9A-AD53-DD95B9BB058B}.Release|Any CPU.Build.0 = Release|Any CPU
		{F8DE8CB5-7E5B-4695-912F-5137002FF833}.Debug|Any CPU.ActiveCfg = Debug|Any CPU
		{F8DE8CB5-7E5B-4695-912F-5137002FF833}.Debug|Any CPU.Build.0 = Debug|Any CPU
		{F8DE8CB5-7E5B-4695-912F-5137002FF833}.Release|Any CPU.ActiveCfg = Release|Any CPU
		{F8DE8CB5-7E5B-4695-912F-5137002FF833}.Release|Any CPU.Build.0 = Release|Any CPU
		{278DA14E-8976-4CF5-AA82-E4735DDF7790}.Debug|Any CPU.ActiveCfg = Debug|Any CPU
		{278DA14E-8976-4CF5-AA82-E4735DDF7790}.Debug|Any CPU.Build.0 = Debug|Any CPU
		{278DA14E-8976-4CF5-AA82-E4735DDF7790}.Release|Any CPU.ActiveCfg = Release|Any CPU
		{278DA14E-8976-4CF5-AA82-E4735DDF7790}.Release|Any CPU.Build.0 = Release|Any CPU
		{86F203F1-BB98-45B5-B732-930258FEF7E9}.Debug|Any CPU.ActiveCfg = Debug|Any CPU
		{86F203F1-BB98-45B5-B732-930258FEF7E9}.Debug|Any CPU.Build.0 = Debug|Any CPU
		{86F203F1-BB98-45B5-B732-930258FEF7E9}.Release|Any CPU.ActiveCfg = Release|Any CPU
		{86F203F1-BB98-45B5-B732-930258FEF7E9}.Release|Any CPU.Build.0 = Release|Any CPU
		{428BEE41-D788-48BA-892F-EDA6DE272239}.Debug|Any CPU.ActiveCfg = Debug|Any CPU
		{428BEE41-D788-48BA-892F-EDA6DE272239}.Debug|Any CPU.Build.0 = Debug|Any CPU
		{428BEE41-D788-48BA-892F-EDA6DE272239}.Release|Any CPU.ActiveCfg = Release|Any CPU
		{428BEE41-D788-48BA-892F-EDA6DE272239}.Release|Any CPU.Build.0 = Release|Any CPU
		{B9298F0C-6735-41A9-AEAF-A86941B78D72}.Debug|Any CPU.ActiveCfg = Debug|Any CPU
		{B9298F0C-6735-41A9-AEAF-A86941B78D72}.Debug|Any CPU.Build.0 = Debug|Any CPU
		{B9298F0C-6735-41A9-AEAF-A86941B78D72}.Release|Any CPU.ActiveCfg = Release|Any CPU
		{B9298F0C-6735-41A9-AEAF-A86941B78D72}.Release|Any CPU.Build.0 = Release|Any CPU
		{945F8A19-9CBC-42E2-AE10-279AE437A708}.Debug|Any CPU.ActiveCfg = Debug|Any CPU
		{945F8A19-9CBC-42E2-AE10-279AE437A708}.Debug|Any CPU.Build.0 = Debug|Any CPU
		{945F8A19-9CBC-42E2-AE10-279AE437A708}.Release|Any CPU.ActiveCfg = Release|Any CPU
		{945F8A19-9CBC-42E2-AE10-279AE437A708}.Release|Any CPU.Build.0 = Release|Any CPU
		{730446EA-8DC7-49C6-914E-C785C699623E}.Debug|Any CPU.ActiveCfg = Debug|Any CPU
		{730446EA-8DC7-49C6-914E-C785C699623E}.Debug|Any CPU.Build.0 = Debug|Any CPU
		{730446EA-8DC7-49C6-914E-C785C699623E}.Release|Any CPU.ActiveCfg = Release|Any CPU
		{730446EA-8DC7-49C6-914E-C785C699623E}.Release|Any CPU.Build.0 = Release|Any CPU
		{67EF5314-FC48-464D-A62B-1EB15673A995}.Debug|Any CPU.ActiveCfg = Debug|Any CPU
		{67EF5314-FC48-464D-A62B-1EB15673A995}.Debug|Any CPU.Build.0 = Debug|Any CPU
		{67EF5314-FC48-464D-A62B-1EB15673A995}.Release|Any CPU.ActiveCfg = Release|Any CPU
		{67EF5314-FC48-464D-A62B-1EB15673A995}.Release|Any CPU.Build.0 = Release|Any CPU
		{53D124BF-7444-47D1-ADE5-0F50BDC56F7C}.Debug|Any CPU.ActiveCfg = Debug|Any CPU
		{53D124BF-7444-47D1-ADE5-0F50BDC56F7C}.Debug|Any CPU.Build.0 = Debug|Any CPU
		{53D124BF-7444-47D1-ADE5-0F50BDC56F7C}.Release|Any CPU.ActiveCfg = Release|Any CPU
		{53D124BF-7444-47D1-ADE5-0F50BDC56F7C}.Release|Any CPU.Build.0 = Release|Any CPU
		{735A26EC-FDE2-450E-9E37-32528EF6D80B}.Debug|Any CPU.ActiveCfg = Debug|Any CPU
		{735A26EC-FDE2-450E-9E37-32528EF6D80B}.Debug|Any CPU.Build.0 = Debug|Any CPU
		{735A26EC-FDE2-450E-9E37-32528EF6D80B}.Release|Any CPU.ActiveCfg = Release|Any CPU
		{735A26EC-FDE2-450E-9E37-32528EF6D80B}.Release|Any CPU.Build.0 = Release|Any CPU
		{9D61D9C4-3B2C-453E-9385-2BF3F90D6DD5}.Debug|Any CPU.ActiveCfg = Debug|Any CPU
		{9D61D9C4-3B2C-453E-9385-2BF3F90D6DD5}.Debug|Any CPU.Build.0 = Debug|Any CPU
		{9D61D9C4-3B2C-453E-9385-2BF3F90D6DD5}.Release|Any CPU.ActiveCfg = Release|Any CPU
		{9D61D9C4-3B2C-453E-9385-2BF3F90D6DD5}.Release|Any CPU.Build.0 = Release|Any CPU
		{09460B21-4FA6-4E1B-BB9E-CFFB038285E0}.Debug|Any CPU.ActiveCfg = Debug|Any CPU
		{09460B21-4FA6-4E1B-BB9E-CFFB038285E0}.Debug|Any CPU.Build.0 = Debug|Any CPU
		{09460B21-4FA6-4E1B-BB9E-CFFB038285E0}.Release|Any CPU.ActiveCfg = Release|Any CPU
		{09460B21-4FA6-4E1B-BB9E-CFFB038285E0}.Release|Any CPU.Build.0 = Release|Any CPU
		{9A683D99-A1DB-4721-88D5-91E7B36067C4}.Debug|Any CPU.ActiveCfg = Debug|Any CPU
		{9A683D99-A1DB-4721-88D5-91E7B36067C4}.Debug|Any CPU.Build.0 = Debug|Any CPU
		{9A683D99-A1DB-4721-88D5-91E7B36067C4}.Release|Any CPU.ActiveCfg = Release|Any CPU
		{9A683D99-A1DB-4721-88D5-91E7B36067C4}.Release|Any CPU.Build.0 = Release|Any CPU
		{5481FF58-3E8C-4742-9ABD-4C62367F58FD}.Debug|Any CPU.ActiveCfg = Debug|Any CPU
		{5481FF58-3E8C-4742-9ABD-4C62367F58FD}.Debug|Any CPU.Build.0 = Debug|Any CPU
		{5481FF58-3E8C-4742-9ABD-4C62367F58FD}.Release|Any CPU.ActiveCfg = Release|Any CPU
		{5481FF58-3E8C-4742-9ABD-4C62367F58FD}.Release|Any CPU.Build.0 = Release|Any CPU
		{806916FF-9A37-4393-AC82-7C64D326D045}.Debug|Any CPU.ActiveCfg = Debug|Any CPU
		{806916FF-9A37-4393-AC82-7C64D326D045}.Debug|Any CPU.Build.0 = Debug|Any CPU
		{806916FF-9A37-4393-AC82-7C64D326D045}.Release|Any CPU.ActiveCfg = Release|Any CPU
		{806916FF-9A37-4393-AC82-7C64D326D045}.Release|Any CPU.Build.0 = Release|Any CPU
	EndGlobalSection
	GlobalSection(SolutionProperties) = preSolution
		HideSolutionNode = FALSE
	EndGlobalSection
	GlobalSection(ExtensibilityGlobals) = postSolution
		SolutionGuid = {72060584-C906-4561-80DA-995FA152456F}
	EndGlobalSection
EndGlobal
