
Microsoft Visual Studio Solution File, Format Version 12.00
# Visual Studio Version 17
VisualStudioVersion = 17.8.34316.72
MinimumVisualStudioVersion = 10.0.40219.1
Project("{9A19103F-16F7-4668-BE54-9A1E7A4F7556}") = "AdventOfCode23.main", "AdventOfCode23\AdventOfCode23.main.csproj", "{B5663362-255D-4552-A0A2-434EFA35EB32}"
EndProject
Project("{9A19103F-16F7-4668-BE54-9A1E7A4F7556}") = "AdventOfCode23.Day1", "AdventOfCode23.Day1\AdventOfCode23.Day1.csproj", "{C5C20BD4-0C6A-420D-B769-4CE29FE839F2}"
EndProject
Project("{9A19103F-16F7-4668-BE54-9A1E7A4F7556}") = "AdventOfCode23.Day2", "AdventOfCode23.Day2\AdventOfCode23.Day2.csproj", "{618FF4AD-BBEA-48A3-AFB1-9FF3FFE8F1BE}"
EndProject
Project("{9A19103F-16F7-4668-BE54-9A1E7A4F7556}") = "AdventOfCode23.Day3", "AdventOfCode23.Day3\AdventOfCode23.Day3.csproj", "{49066B77-7F51-4B8B-A5D0-545AADE918E4}"
EndProject
Project("{9A19103F-16F7-4668-BE54-9A1E7A4F7556}") = "AdventOfCode23.Day4", "AdventOfCode23.Day4\AdventOfCode23.Day4.csproj", "{9C0C01E2-7FCA-40E7-830C-459F7724FA74}"
EndProject
Project("{9A19103F-16F7-4668-BE54-9A1E7A4F7556}") = "AdventOfCode23.Day5", "AdventOfCode23.Day5\AdventOfCode23.Day5.csproj", "{877D28C6-8D05-4E64-973F-CE1AAD0B86FA}"
EndProject
Project("{9A19103F-16F7-4668-BE54-9A1E7A4F7556}") = "AdventOfCode23.Day6", "AdventOfCode23.Day6\AdventOfCode23.Day6.csproj", "{AF717538-F4DA-44B1-8FBC-15B086EF16A9}"
EndProject
Project("{9A19103F-16F7-4668-BE54-9A1E7A4F7556}") = "AdventOfCode23.Day7", "AdventOfCode23.Day7\AdventOfCode23.Day7.csproj", "{25EC67D4-E80D-4DDD-994F-A6382BD8E490}"
EndProject
Project("{9A19103F-16F7-4668-BE54-9A1E7A4F7556}") = "AdventOfCode23.Day8", "AdventOfCode23.Day8\AdventOfCode23.Day8.csproj", "{4AC5C4E5-311D-4A9A-AD53-DD95B9BB058B}"
EndProject
Project("{FAE04EC0-301F-11D3-BF4B-00C04F79EFBC}") = "AdventOfCode23.Day9", "AdventOfCode23.Day9\AdventOfCode23.Day9.csproj", "{F8DE8CB5-7E5B-4695-912F-5137002FF833}"
EndProject
Project("{FAE04EC0-301F-11D3-BF4B-00C04F79EFBC}") = "AdventOfCode23.Day10", "AdventOfCode23.Day10\AdventOfCode23.Day10.csproj", "{278DA14E-8976-4CF5-AA82-E4735DDF7790}"
EndProject
Global
	GlobalSection(SolutionConfigurationPlatforms) = preSolution
		Debug|Any CPU = Debug|Any CPU
		Release|Any CPU = Release|Any CPU
	EndGlobalSection
	GlobalSection(ProjectConfigurationPlatforms) = postSolution
		{B5663362-255D-4552-A0A2-434EFA35EB32}.Debug|Any CPU.ActiveCfg = Debug|Any CPU
		{B5663362-255D-4552-A0A2-434EFA35EB32}.Debug|Any CPU.Build.0 = Debug|Any CPU
		{B5663362-255D-4552-A0A2-434EFA35EB32}.Release|Any CPU.ActiveCfg = Release|Any CPU
		{B5663362-255D-4552-A0A2-434EFA35EB32}.Release|Any CPU.Build.0 = Release|Any CPU
		{C5C20BD4-0C6A-420D-B769-4CE29FE839F2}.Debug|Any CPU.ActiveCfg = Debug|Any CPU
		{C5C20BD4-0C6A-420D-B769-4CE29FE839F2}.Debug|Any CPU.Build.0 = Debug|Any CPU
		{C5C20BD4-0C6A-420D-B769-4CE29FE839F2}.Release|Any CPU.ActiveCfg = Release|Any CPU
		{C5C20BD4-0C6A-420D-B769-4CE29FE839F2}.Release|Any CPU.Build.0 = Release|Any CPU
		{618FF4AD-BBEA-48A3-AFB1-9FF3FFE8F1BE}.Debug|Any CPU.ActiveCfg = Debug|Any CPU
		{618FF4AD-BBEA-48A3-AFB1-9FF3FFE8F1BE}.Debug|Any CPU.Build.0 = Debug|Any CPU
		{618FF4AD-BBEA-48A3-AFB1-9FF3FFE8F1BE}.Release|Any CPU.ActiveCfg = Release|Any CPU
		{618FF4AD-BBEA-48A3-AFB1-9FF3FFE8F1BE}.Release|Any CPU.Build.0 = Release|Any CPU
		{49066B77-7F51-4B8B-A5D0-545AADE918E4}.Debug|Any CPU.ActiveCfg = Debug|Any CPU
		{49066B77-7F51-4B8B-A5D0-545AADE918E4}.Debug|Any CPU.Build.0 = Debug|Any CPU
		{49066B77-7F51-4B8B-A5D0-545AADE918E4}.Release|Any CPU.ActiveCfg = Release|Any CPU
		{49066B77-7F51-4B8B-A5D0-545AADE918E4}.Release|Any CPU.Build.0 = Release|Any CPU
		{9C0C01E2-7FCA-40E7-830C-459F7724FA74}.Debug|Any CPU.ActiveCfg = Debug|Any CPU
		{9C0C01E2-7FCA-40E7-830C-459F7724FA74}.Debug|Any CPU.Build.0 = Debug|Any CPU
		{9C0C01E2-7FCA-40E7-830C-459F7724FA74}.Release|Any CPU.ActiveCfg = Release|Any CPU
		{9C0C01E2-7FCA-40E7-830C-459F7724FA74}.Release|Any CPU.Build.0 = Release|Any CPU
		{877D28C6-8D05-4E64-973F-CE1AAD0B86FA}.Debug|Any CPU.ActiveCfg = Debug|Any CPU
		{877D28C6-8D05-4E64-973F-CE1AAD0B86FA}.Debug|Any CPU.Build.0 = Debug|Any CPU
		{877D28C6-8D05-4E64-973F-CE1AAD0B86FA}.Release|Any CPU.ActiveCfg = Release|Any CPU
		{877D28C6-8D05-4E64-973F-CE1AAD0B86FA}.Release|Any CPU.Build.0 = Release|Any CPU
		{AF717538-F4DA-44B1-8FBC-15B086EF16A9}.Debug|Any CPU.ActiveCfg = Debug|Any CPU
		{AF717538-F4DA-44B1-8FBC-15B086EF16A9}.Debug|Any CPU.Build.0 = Debug|Any CPU
		{AF717538-F4DA-44B1-8FBC-15B086EF16A9}.Release|Any CPU.ActiveCfg = Release|Any CPU
		{AF717538-F4DA-44B1-8FBC-15B086EF16A9}.Release|Any CPU.Build.0 = Release|Any CPU
		{25EC67D4-E80D-4DDD-994F-A6382BD8E490}.Debug|Any CPU.ActiveCfg = Debug|Any CPU
		{25EC67D4-E80D-4DDD-994F-A6382BD8E490}.Debug|Any CPU.Build.0 = Debug|Any CPU
		{25EC67D4-E80D-4DDD-994F-A6382BD8E490}.Release|Any CPU.ActiveCfg = Release|Any CPU
		{25EC67D4-E80D-4DDD-994F-A6382BD8E490}.Release|Any CPU.Build.0 = Release|Any CPU
		{4AC5C4E5-311D-4A9A-AD53-DD95B9BB058B}.Debug|Any CPU.ActiveCfg = Debug|Any CPU
		{4AC5C4E5-311D-4A9A-AD53-DD95B9BB058B}.Debug|Any CPU.Build.0 = Debug|Any CPU
		{4AC5C4E5-311D-4A9A-AD53-DD95B9BB058B}.Release|Any CPU.ActiveCfg = Release|Any CPU
		{4AC5C4E5-311D-4A9A-AD53-DD95B9BB058B}.Release|Any CPU.Build.0 = Release|Any CPU
		{F8DE8CB5-7E5B-4695-912F-5137002FF833}.Debug|Any CPU.ActiveCfg = Debug|Any CPU
		{F8DE8CB5-7E5B-4695-912F-5137002FF833}.Debug|Any CPU.Build.0 = Debug|Any CPU
		{F8DE8CB5-7E5B-4695-912F-5137002FF833}.Release|Any CPU.ActiveCfg = Release|Any CPU
		{F8DE8CB5-7E5B-4695-912F-5137002FF833}.Release|Any CPU.Build.0 = Release|Any CPU
		{278DA14E-8976-4CF5-AA82-E4735DDF7790}.Debug|Any CPU.ActiveCfg = Debug|Any CPU
		{278DA14E-8976-4CF5-AA82-E4735DDF7790}.Debug|Any CPU.Build.0 = Debug|Any CPU
		{278DA14E-8976-4CF5-AA82-E4735DDF7790}.Release|Any CPU.ActiveCfg = Release|Any CPU
		{278DA14E-8976-4CF5-AA82-E4735DDF7790}.Release|Any CPU.Build.0 = Release|Any CPU
	EndGlobalSection
	GlobalSection(SolutionProperties) = preSolution
		HideSolutionNode = FALSE
	EndGlobalSection
	GlobalSection(ExtensibilityGlobals) = postSolution
		SolutionGuid = {72060584-C906-4561-80DA-995FA152456F}
	EndGlobalSection
EndGlobal
